
Microsoft Visual Studio Solution File, Format Version 12.00
# Visual Studio Version 17
VisualStudioVersion = 17.10.35013.160
MinimumVisualStudioVersion = 10.0.40219.1
Project("{FAE04EC0-301F-11D3-BF4B-00C04F79EFBC}") = "ResourceManagement.Api", "ResourceManagement.Api\ResourceManagement.Api.csproj", "{8546F27A-43F8-4365-A551-02006ECEA42D}"
EndProject
Global
	GlobalSection(SolutionConfigurationPlatforms) = preSolution
		Debug|Any CPU = Debug|Any CPU
		Release|Any CPU = Release|Any CPU
	EndGlobalSection
	GlobalSection(ProjectConfigurationPlatforms) = postSolution
		{8546F27A-43F8-4365-A551-02006ECEA42D}.Debug|Any CPU.ActiveCfg = Debug|Any CPU
		{8546F27A-43F8-4365-A551-02006ECEA42D}.Debug|Any CPU.Build.0 = Debug|Any CPU
		{8546F27A-43F8-4365-A551-02006ECEA42D}.Release|Any CPU.ActiveCfg = Release|Any CPU
		{8546F27A-43F8-4365-A551-02006ECEA42D}.Release|Any CPU.Build.0 = Release|Any CPU
	EndGlobalSection
	GlobalSection(SolutionProperties) = preSolution
		HideSolutionNode = FALSE
	EndGlobalSection
	GlobalSection(ExtensibilityGlobals) = postSolution
		SolutionGuid = {9E0F810A-2E85-433C-8909-73E07BA62BD6}
	EndGlobalSection
EndGlobal
